// !$*UTF8*$!
{
	archiveVersion = 1;
	classes = {
	};
	objectVersion = 46;
	objects = {

/* Begin PBXBuildFile section */
		617105BF192CD957007BF3DB /* main.cpp in Sources */ = {isa = PBXBuildFile; fileRef = 617105BE192CD957007BF3DB /* main.cpp */; };
		617105C7192CD9AF007BF3DB /* worldFileWriter in CopyFiles */ = {isa = PBXBuildFile; fileRef = 617105BB192CD957007BF3DB /* worldFileWriter */; };
/* End PBXBuildFile section */

/* Begin PBXCopyFilesBuildPhase section */
		617105B9192CD957007BF3DB /* CopyFiles */ = {
			isa = PBXCopyFilesBuildPhase;
			buildActionMask = 12;
			dstPath = "~/Documents/projects/tol-project/worldFileWriter/dist";
			dstSubfolderSpec = 0;
			files = (
				617105C7192CD9AF007BF3DB /* worldFileWriter in CopyFiles */,
			);
			runOnlyForDeploymentPostprocessing = 0;
		};
/* End PBXCopyFilesBuildPhase section */

/* Begin PBXFileReference section */
		617105BB192CD957007BF3DB /* worldFileWriter */ = {isa = PBXFileReference; explicitFileType = "compiled.mach-o.executable"; includeInIndex = 0; path = worldFileWriter; sourceTree = BUILT_PRODUCTS_DIR; };
		617105BE192CD957007BF3DB /* main.cpp */ = {isa = PBXFileReference; lastKnownFileType = sourcecode.cpp.cpp; path = main.cpp; sourceTree = "<group>"; };
/* End PBXFileReference section */

/* Begin PBXFrameworksBuildPhase section */
		617105B8192CD957007BF3DB /* Frameworks */ = {
			isa = PBXFrameworksBuildPhase;
			buildActionMask = 2147483647;
			files = (
			);
			runOnlyForDeploymentPostprocessing = 0;
		};
/* End PBXFrameworksBuildPhase section */

/* Begin PBXGroup section */
		617105B2192CD957007BF3DB = {
			isa = PBXGroup;
			children = (
				617105BD192CD957007BF3DB /* worldFileWriter */,
				617105BC192CD957007BF3DB /* Products */,
			);
			sourceTree = "<group>";
		};
		617105BC192CD957007BF3DB /* Products */ = {
			isa = PBXGroup;
			children = (
				617105BB192CD957007BF3DB /* worldFileWriter */,
			);
			name = Products;
			sourceTree = "<group>";
		};
		617105BD192CD957007BF3DB /* worldFileWriter */ = {
			isa = PBXGroup;
			children = (
				617105BE192CD957007BF3DB /* main.cpp */,
			);
			path = worldFileWriter;
			sourceTree = "<group>";
		};
/* End PBXGroup section */

/* Begin PBXNativeTarget section */
		617105BA192CD957007BF3DB /* worldFileWriter */ = {
			isa = PBXNativeTarget;
			buildConfigurationList = 617105C4192CD957007BF3DB /* Build configuration list for PBXNativeTarget "worldFileWriter" */;
			buildPhases = (
				617105B7192CD957007BF3DB /* Sources */,
				617105B8192CD957007BF3DB /* Frameworks */,
				617105B9192CD957007BF3DB /* CopyFiles */,
			);
			buildRules = (
			);
			dependencies = (
			);
			name = worldFileWriter;
			productName = worldFileWriter;
			productReference = 617105BB192CD957007BF3DB /* worldFileWriter */;
			productType = "com.apple.product-type.tool";
		};
/* End PBXNativeTarget section */

/* Begin PBXProject section */
		617105B3192CD957007BF3DB /* Project object */ = {
			isa = PBXProject;
			attributes = {
				LastUpgradeCheck = 0510;
				ORGANIZATIONNAME = "Berend Weel";
			};
			buildConfigurationList = 617105B6192CD957007BF3DB /* Build configuration list for PBXProject "worldFileWriter" */;
			compatibilityVersion = "Xcode 3.2";
			developmentRegion = English;
			hasScannedForEncodings = 0;
			knownRegions = (
				en,
			);
			mainGroup = 617105B2192CD957007BF3DB;
			productRefGroup = 617105BC192CD957007BF3DB /* Products */;
			projectDirPath = "";
			projectRoot = "";
			targets = (
				617105BA192CD957007BF3DB /* worldFileWriter */,
			);
		};
/* End PBXProject section */

/* Begin PBXSourcesBuildPhase section */
		617105B7192CD957007BF3DB /* Sources */ = {
			isa = PBXSourcesBuildPhase;
			buildActionMask = 2147483647;
			files = (
				617105BF192CD957007BF3DB /* main.cpp in Sources */,
			);
			runOnlyForDeploymentPostprocessing = 0;
		};
/* End PBXSourcesBuildPhase section */

/* Begin XCBuildConfiguration section */
		617105C2192CD957007BF3DB /* Debug */ = {
			isa = XCBuildConfiguration;
			buildSettings = {
				ALWAYS_SEARCH_USER_PATHS = NO;
				CLANG_CXX_LANGUAGE_STANDARD = "gnu++0x";
				CLANG_CXX_LIBRARY = "libc++";
				CLANG_ENABLE_MODULES = YES;
				CLANG_ENABLE_OBJC_ARC = YES;
				CLANG_WARN_BOOL_CONVERSION = YES;
				CLANG_WARN_CONSTANT_CONVERSION = YES;
				CLANG_WARN_DIRECT_OBJC_ISA_USAGE = YES_ERROR;
				CLANG_WARN_EMPTY_BODY = YES;
				CLANG_WARN_ENUM_CONVERSION = YES;
				CLANG_WARN_INT_CONVERSION = YES;
				CLANG_WARN_OBJC_ROOT_CLASS = YES_ERROR;
				CLANG_WARN__DUPLICATE_METHOD_MATCH = YES;
				COPY_PHASE_STRIP = NO;
				GCC_C_LANGUAGE_STANDARD = gnu99;
				GCC_DYNAMIC_NO_PIC = NO;
				GCC_ENABLE_OBJC_EXCEPTIONS = YES;
				GCC_OPTIMIZATION_LEVEL = 0;
				GCC_PREPROCESSOR_DEFINITIONS = (
					"DEBUG=1",
					"$(inherited)",
				);
				GCC_SYMBOLS_PRIVATE_EXTERN = NO;
				GCC_WARN_64_TO_32_BIT_CONVERSION = YES;
				GCC_WARN_ABOUT_RETURN_TYPE = YES_ERROR;
				GCC_WARN_UNDECLARED_SELECTOR = YES;
				GCC_WARN_UNINITIALIZED_AUTOS = YES_AGGRESSIVE;
				GCC_WARN_UNUSED_FUNCTION = YES;
				GCC_WARN_UNUSED_VARIABLE = YES;
				MACOSX_DEPLOYMENT_TARGET = 10.9;
				ONLY_ACTIVE_ARCH = YES;
				SDKROOT = macosx;
			};
			name = Debug;
		};
		617105C3192CD957007BF3DB /* Release */ = {
			isa = XCBuildConfiguration;
			buildSettings = {
				ALWAYS_SEARCH_USER_PATHS = NO;
				CLANG_CXX_LANGUAGE_STANDARD = "gnu++0x";
				CLANG_CXX_LIBRARY = "libc++";
				CLANG_ENABLE_MODULES = YES;
				CLANG_ENABLE_OBJC_ARC = YES;
				CLANG_WARN_BOOL_CONVERSION = YES;
				CLANG_WARN_CONSTANT_CONVERSION = YES;
				CLANG_WARN_DIRECT_OBJC_ISA_USAGE = YES_ERROR;
				CLANG_WARN_EMPTY_BODY = YES;
				CLANG_WARN_ENUM_CONVERSION = YES;
				CLANG_WARN_INT_CONVERSION = YES;
				CLANG_WARN_OBJC_ROOT_CLASS = YES_ERROR;
				CLANG_WARN__DUPLICATE_METHOD_MATCH = YES;
				COPY_PHASE_STRIP = YES;
				DEBUG_INFORMATION_FORMAT = "dwarf-with-dsym";
				ENABLE_NS_ASSERTIONS = NO;
				GCC_C_LANGUAGE_STANDARD = gnu99;
				GCC_ENABLE_OBJC_EXCEPTIONS = YES;
				GCC_WARN_64_TO_32_BIT_CONVERSION = YES;
				GCC_WARN_ABOUT_RETURN_TYPE = YES_ERROR;
				GCC_WARN_UNDECLARED_SELECTOR = YES;
				GCC_WARN_UNINITIALIZED_AUTOS = YES_AGGRESSIVE;
				GCC_WARN_UNUSED_FUNCTION = YES;
				GCC_WARN_UNUSED_VARIABLE = YES;
				MACOSX_DEPLOYMENT_TARGET = 10.9;
				SDKROOT = macosx;
			};
			name = Release;
		};
		617105C5192CD957007BF3DB /* Debug */ = {
			isa = XCBuildConfiguration;
			buildSettings = {
				PRODUCT_NAME = "$(TARGET_NAME)";
			};
			name = Debug;
		};
		617105C6192CD957007BF3DB /* Release */ = {
			isa = XCBuildConfiguration;
			buildSettings = {
				PRODUCT_NAME = "$(TARGET_NAME)";
			};
			name = Release;
		};
/* End XCBuildConfiguration section */

/* Begin XCConfigurationList section */
		617105B6192CD957007BF3DB /* Build configuration list for PBXProject "worldFileWriter" */ = {
			isa = XCConfigurationList;
			buildConfigurations = (
				617105C2192CD957007BF3DB /* Debug */,
				617105C3192CD957007BF3DB /* Release */,
			);
			defaultConfigurationIsVisible = 0;
			defaultConfigurationName = Release;
		};
		617105C4192CD957007BF3DB /* Build configuration list for PBXNativeTarget "worldFileWriter" */ = {
			isa = XCConfigurationList;
			buildConfigurations = (
				617105C5192CD957007BF3DB /* Debug */,
				617105C6192CD957007BF3DB /* Release */,
			);
			defaultConfigurationIsVisible = 0;
		};
/* End XCConfigurationList section */
	};
	rootObject = 617105B3192CD957007BF3DB /* Project object */;
}
